
Microsoft Visual Studio Solution File, Format Version 12.00
# Visual Studio Version 16
VisualStudioVersion = 16.0.30907.101
MinimumVisualStudioVersion = 10.0.40219.1
Project("{FAE04EC0-301F-11D3-BF4B-00C04F79EFBC}") = "UserManager", "UserManager\UserManager.csproj", "{B55D7516-8B6A-4077-9BCF-4EC680CFBD65}"
EndProject
Global
	GlobalSection(SolutionConfigurationPlatforms) = preSolution
		Debug|Any CPU = Debug|Any CPU
		Release|Any CPU = Release|Any CPU
	EndGlobalSection
	GlobalSection(ProjectConfigurationPlatforms) = postSolution
		{B55D7516-8B6A-4077-9BCF-4EC680CFBD65}.Debug|Any CPU.ActiveCfg = Debug|Any CPU
		{B55D7516-8B6A-4077-9BCF-4EC680CFBD65}.Debug|Any CPU.Build.0 = Debug|Any CPU
		{B55D7516-8B6A-4077-9BCF-4EC680CFBD65}.Release|Any CPU.ActiveCfg = Release|Any CPU
		{B55D7516-8B6A-4077-9BCF-4EC680CFBD65}.Release|Any CPU.Build.0 = Release|Any CPU
	EndGlobalSection
	GlobalSection(SolutionProperties) = preSolution
		HideSolutionNode = FALSE
	EndGlobalSection
	GlobalSection(ExtensibilityGlobals) = postSolution
		SolutionGuid = {7478E1E5-5486-4232-8EB2-14F4FC2E3460}
	EndGlobalSection
EndGlobal
